// !$*UTF8*$!
{
	archiveVersion = 1;
	classes = {
	};
	objectVersion = 50;
	objects = {

/* Begin PBXBuildFile section */
		0231B37B20B58FAF000E5A63 /* AppDelegate.swift in Sources */ = {isa = PBXBuildFile; fileRef = 0231B37A20B58FAF000E5A63 /* AppDelegate.swift */; };
		0231B37D20B58FAF000E5A63 /* ViewController.swift in Sources */ = {isa = PBXBuildFile; fileRef = 0231B37C20B58FAF000E5A63 /* ViewController.swift */; };
		0231B38020B58FAF000E5A63 /* Main.storyboard in Resources */ = {isa = PBXBuildFile; fileRef = 0231B37E20B58FAF000E5A63 /* Main.storyboard */; };
		0231B38220B58FB0000E5A63 /* Assets.xcassets in Resources */ = {isa = PBXBuildFile; fileRef = 0231B38120B58FB0000E5A63 /* Assets.xcassets */; };
		0231B38520B58FB0000E5A63 /* LaunchScreen.storyboard in Resources */ = {isa = PBXBuildFile; fileRef = 0231B38320B58FB0000E5A63 /* LaunchScreen.storyboard */; };
		0231B39020B58FB1000E5A63 /* HowlCodableTests.swift in Sources */ = {isa = PBXBuildFile; fileRef = 0231B38F20B58FB1000E5A63 /* HowlCodableTests.swift */; };
		0231B39B20B58FB1000E5A63 /* HowlCodableUITests.swift in Sources */ = {isa = PBXBuildFile; fileRef = 0231B39A20B58FB1000E5A63 /* HowlCodableUITests.swift */; };
/* End PBXBuildFile section */

/* Begin PBXContainerItemProxy section */
		0231B38C20B58FB1000E5A63 /* PBXContainerItemProxy */ = {
			isa = PBXContainerItemProxy;
			containerPortal = 0231B36F20B58FAF000E5A63 /* Project object */;
			proxyType = 1;
			remoteGlobalIDString = 0231B37620B58FAF000E5A63;
			remoteInfo = HowlCodable;
		};
		0231B39720B58FB1000E5A63 /* PBXContainerItemProxy */ = {
			isa = PBXContainerItemProxy;
			containerPortal = 0231B36F20B58FAF000E5A63 /* Project object */;
			proxyType = 1;
			remoteGlobalIDString = 0231B37620B58FAF000E5A63;
			remoteInfo = HowlCodable;
		};
/* End PBXContainerItemProxy section */

/* Begin PBXFileReference section */
		0231B37720B58FAF000E5A63 /* HowlCodable.app */ = {isa = PBXFileReference; explicitFileType = wrapper.application; includeInIndex = 0; path = HowlCodable.app; sourceTree = BUILT_PRODUCTS_DIR; };
		0231B37A20B58FAF000E5A63 /* AppDelegate.swift */ = {isa = PBXFileReference; lastKnownFileType = sourcecode.swift; path = AppDelegate.swift; sourceTree = "<group>"; };
		0231B37C20B58FAF000E5A63 /* ViewController.swift */ = {isa = PBXFileReference; lastKnownFileType = sourcecode.swift; path = ViewController.swift; sourceTree = "<group>"; };
		0231B37F20B58FAF000E5A63 /* Base */ = {isa = PBXFileReference; lastKnownFileType = file.storyboard; name = Base; path = Base.lproj/Main.storyboard; sourceTree = "<group>"; };
		0231B38120B58FB0000E5A63 /* Assets.xcassets */ = {isa = PBXFileReference; lastKnownFileType = folder.assetcatalog; path = Assets.xcassets; sourceTree = "<group>"; };
		0231B38420B58FB0000E5A63 /* Base */ = {isa = PBXFileReference; lastKnownFileType = file.storyboard; name = Base; path = Base.lproj/LaunchScreen.storyboard; sourceTree = "<group>"; };
		0231B38620B58FB0000E5A63 /* Info.plist */ = {isa = PBXFileReference; lastKnownFileType = text.plist.xml; path = Info.plist; sourceTree = "<group>"; };
		0231B38B20B58FB1000E5A63 /* HowlCodableTests.xctest */ = {isa = PBXFileReference; explicitFileType = wrapper.cfbundle; includeInIndex = 0; path = HowlCodableTests.xctest; sourceTree = BUILT_PRODUCTS_DIR; };
		0231B38F20B58FB1000E5A63 /* HowlCodableTests.swift */ = {isa = PBXFileReference; lastKnownFileType = sourcecode.swift; path = HowlCodableTests.swift; sourceTree = "<group>"; };
		0231B39120B58FB1000E5A63 /* Info.plist */ = {isa = PBXFileReference; lastKnownFileType = text.plist.xml; path = Info.plist; sourceTree = "<group>"; };
		0231B39620B58FB1000E5A63 /* HowlCodableUITests.xctest */ = {isa = PBXFileReference; explicitFileType = wrapper.cfbundle; includeInIndex = 0; path = HowlCodableUITests.xctest; sourceTree = BUILT_PRODUCTS_DIR; };
		0231B39A20B58FB1000E5A63 /* HowlCodableUITests.swift */ = {isa = PBXFileReference; lastKnownFileType = sourcecode.swift; path = HowlCodableUITests.swift; sourceTree = "<group>"; };
		0231B39C20B58FB1000E5A63 /* Info.plist */ = {isa = PBXFileReference; lastKnownFileType = text.plist.xml; path = Info.plist; sourceTree = "<group>"; };
/* End PBXFileReference section */

/* Begin PBXFrameworksBuildPhase section */
		0231B37420B58FAF000E5A63 /* Frameworks */ = {
			isa = PBXFrameworksBuildPhase;
			buildActionMask = 2147483647;
			files = (
			);
			runOnlyForDeploymentPostprocessing = 0;
		};
		0231B38820B58FB1000E5A63 /* Frameworks */ = {
			isa = PBXFrameworksBuildPhase;
			buildActionMask = 2147483647;
			files = (
			);
			runOnlyForDeploymentPostprocessing = 0;
		};
		0231B39320B58FB1000E5A63 /* Frameworks */ = {
			isa = PBXFrameworksBuildPhase;
			buildActionMask = 2147483647;
			files = (
			);
			runOnlyForDeploymentPostprocessing = 0;
		};
/* End PBXFrameworksBuildPhase section */

/* Begin PBXGroup section */
		0231B36E20B58FAF000E5A63 = {
			isa = PBXGroup;
			children = (
				0231B37920B58FAF000E5A63 /* HowlCodable */,
				0231B38E20B58FB1000E5A63 /* HowlCodableTests */,
				0231B39920B58FB1000E5A63 /* HowlCodableUITests */,
				0231B37820B58FAF000E5A63 /* Products */,
			);
			sourceTree = "<group>";
		};
		0231B37820B58FAF000E5A63 /* Products */ = {
			isa = PBXGroup;
			children = (
				0231B37720B58FAF000E5A63 /* HowlCodable.app */,
				0231B38B20B58FB1000E5A63 /* HowlCodableTests.xctest */,
				0231B39620B58FB1000E5A63 /* HowlCodableUITests.xctest */,
			);
			name = Products;
			sourceTree = "<group>";
		};
		0231B37920B58FAF000E5A63 /* HowlCodable */ = {
			isa = PBXGroup;
			children = (
				0231B37A20B58FAF000E5A63 /* AppDelegate.swift */,
				0231B37C20B58FAF000E5A63 /* ViewController.swift */,
				0231B37E20B58FAF000E5A63 /* Main.storyboard */,
				0231B38120B58FB0000E5A63 /* Assets.xcassets */,
				0231B38320B58FB0000E5A63 /* LaunchScreen.storyboard */,
				0231B38620B58FB0000E5A63 /* Info.plist */,
			);
			path = HowlCodable;
			sourceTree = "<group>";
		};
		0231B38E20B58FB1000E5A63 /* HowlCodableTests */ = {
			isa = PBXGroup;
			children = (
				0231B38F20B58FB1000E5A63 /* HowlCodableTests.swift */,
				0231B39120B58FB1000E5A63 /* Info.plist */,
			);
			path = HowlCodableTests;
			sourceTree = "<group>";
		};
		0231B39920B58FB1000E5A63 /* HowlCodableUITests */ = {
			isa = PBXGroup;
			children = (
				0231B39A20B58FB1000E5A63 /* HowlCodableUITests.swift */,
				0231B39C20B58FB1000E5A63 /* Info.plist */,
			);
			path = HowlCodableUITests;
			sourceTree = "<group>";
		};
/* End PBXGroup section */

/* Begin PBXNativeTarget section */
		0231B37620B58FAF000E5A63 /* HowlCodable */ = {
			isa = PBXNativeTarget;
			buildConfigurationList = 0231B39F20B58FB1000E5A63 /* Build configuration list for PBXNativeTarget "HowlCodable" */;
			buildPhases = (
				0231B37320B58FAF000E5A63 /* Sources */,
				0231B37420B58FAF000E5A63 /* Frameworks */,
				0231B37520B58FAF000E5A63 /* Resources */,
			);
			buildRules = (
			);
			dependencies = (
			);
			name = HowlCodable;
			productName = HowlCodable;
			productReference = 0231B37720B58FAF000E5A63 /* HowlCodable.app */;
			productType = "com.apple.product-type.application";
		};
		0231B38A20B58FB1000E5A63 /* HowlCodableTests */ = {
			isa = PBXNativeTarget;
			buildConfigurationList = 0231B3A220B58FB1000E5A63 /* Build configuration list for PBXNativeTarget "HowlCodableTests" */;
			buildPhases = (
				0231B38720B58FB1000E5A63 /* Sources */,
				0231B38820B58FB1000E5A63 /* Frameworks */,
				0231B38920B58FB1000E5A63 /* Resources */,
			);
			buildRules = (
			);
			dependencies = (
				0231B38D20B58FB1000E5A63 /* PBXTargetDependency */,
			);
			name = HowlCodableTests;
			productName = HowlCodableTests;
			productReference = 0231B38B20B58FB1000E5A63 /* HowlCodableTests.xctest */;
			productType = "com.apple.product-type.bundle.unit-test";
		};
		0231B39520B58FB1000E5A63 /* HowlCodableUITests */ = {
			isa = PBXNativeTarget;
			buildConfigurationList = 0231B3A520B58FB1000E5A63 /* Build configuration list for PBXNativeTarget "HowlCodableUITests" */;
			buildPhases = (
				0231B39220B58FB1000E5A63 /* Sources */,
				0231B39320B58FB1000E5A63 /* Frameworks */,
				0231B39420B58FB1000E5A63 /* Resources */,
			);
			buildRules = (
			);
			dependencies = (
				0231B39820B58FB1000E5A63 /* PBXTargetDependency */,
			);
			name = HowlCodableUITests;
			productName = HowlCodableUITests;
			productReference = 0231B39620B58FB1000E5A63 /* HowlCodableUITests.xctest */;
			productType = "com.apple.product-type.bundle.ui-testing";
		};
/* End PBXNativeTarget section */

/* Begin PBXProject section */
		0231B36F20B58FAF000E5A63 /* Project object */ = {
			isa = PBXProject;
			attributes = {
				LastSwiftUpdateCheck = 0930;
				LastUpgradeCheck = 0930;
				ORGANIZATIONNAME = "유명식";
				TargetAttributes = {
					0231B37620B58FAF000E5A63 = {
						CreatedOnToolsVersion = 9.3.1;
					};
					0231B38A20B58FB1000E5A63 = {
						CreatedOnToolsVersion = 9.3.1;
						TestTargetID = 0231B37620B58FAF000E5A63;
					};
					0231B39520B58FB1000E5A63 = {
						CreatedOnToolsVersion = 9.3.1;
						TestTargetID = 0231B37620B58FAF000E5A63;
					};
				};
			};
			buildConfigurationList = 0231B37220B58FAF000E5A63 /* Build configuration list for PBXProject "HowlCodable" */;
			compatibilityVersion = "Xcode 9.3";
			developmentRegion = en;
			hasScannedForEncodings = 0;
			knownRegions = (
				en,
				Base,
			);
			mainGroup = 0231B36E20B58FAF000E5A63;
			productRefGroup = 0231B37820B58FAF000E5A63 /* Products */;
			projectDirPath = "";
			projectRoot = "";
			targets = (
				0231B37620B58FAF000E5A63 /* HowlCodable */,
				0231B38A20B58FB1000E5A63 /* HowlCodableTests */,
				0231B39520B58FB1000E5A63 /* HowlCodableUITests */,
			);
		};
/* End PBXProject section */

/* Begin PBXResourcesBuildPhase section */
		0231B37520B58FAF000E5A63 /* Resources */ = {
			isa = PBXResourcesBuildPhase;
			buildActionMask = 2147483647;
			files = (
				0231B38520B58FB0000E5A63 /* LaunchScreen.storyboard in Resources */,
				0231B38220B58FB0000E5A63 /* Assets.xcassets in Resources */,
				0231B38020B58FAF000E5A63 /* Main.storyboard in Resources */,
			);
			runOnlyForDeploymentPostprocessing = 0;
		};
		0231B38920B58FB1000E5A63 /* Resources */ = {
			isa = PBXResourcesBuildPhase;
			buildActionMask = 2147483647;
			files = (
			);
			runOnlyForDeploymentPostprocessing = 0;
		};
		0231B39420B58FB1000E5A63 /* Resources */ = {
			isa = PBXResourcesBuildPhase;
			buildActionMask = 2147483647;
			files = (
			);
			runOnlyForDeploymentPostprocessing = 0;
		};
/* End PBXResourcesBuildPhase section */

/* Begin PBXSourcesBuildPhase section */
		0231B37320B58FAF000E5A63 /* Sources */ = {
			isa = PBXSourcesBuildPhase;
			buildActionMask = 2147483647;
			files = (
				0231B37D20B58FAF000E5A63 /* ViewController.swift in Sources */,
				0231B37B20B58FAF000E5A63 /* AppDelegate.swift in Sources */,
			);
			runOnlyForDeploymentPostprocessing = 0;
		};
		0231B38720B58FB1000E5A63 /* Sources */ = {
			isa = PBXSourcesBuildPhase;
			buildActionMask = 2147483647;
			files = (
				0231B39020B58FB1000E5A63 /* HowlCodableTests.swift in Sources */,
			);
			runOnlyForDeploymentPostprocessing = 0;
		};
		0231B39220B58FB1000E5A63 /* Sources */ = {
			isa = PBXSourcesBuildPhase;
			buildActionMask = 2147483647;
			files = (
				0231B39B20B58FB1000E5A63 /* HowlCodableUITests.swift in Sources */,
			);
			runOnlyForDeploymentPostprocessing = 0;
		};
/* End PBXSourcesBuildPhase section */

/* Begin PBXTargetDependency section */
		0231B38D20B58FB1000E5A63 /* PBXTargetDependency */ = {
			isa = PBXTargetDependency;
			target = 0231B37620B58FAF000E5A63 /* HowlCodable */;
			targetProxy = 0231B38C20B58FB1000E5A63 /* PBXContainerItemProxy */;
		};
		0231B39820B58FB1000E5A63 /* PBXTargetDependency */ = {
			isa = PBXTargetDependency;
			target = 0231B37620B58FAF000E5A63 /* HowlCodable */;
			targetProxy = 0231B39720B58FB1000E5A63 /* PBXContainerItemProxy */;
		};
/* End PBXTargetDependency section */

/* Begin PBXVariantGroup section */
		0231B37E20B58FAF000E5A63 /* Main.storyboard */ = {
			isa = PBXVariantGroup;
			children = (
				0231B37F20B58FAF000E5A63 /* Base */,
			);
			name = Main.storyboard;
			sourceTree = "<group>";
		};
		0231B38320B58FB0000E5A63 /* LaunchScreen.storyboard */ = {
			isa = PBXVariantGroup;
			children = (
				0231B38420B58FB0000E5A63 /* Base */,
			);
			name = LaunchScreen.storyboard;
			sourceTree = "<group>";
		};
/* End PBXVariantGroup section */

/* Begin XCBuildConfiguration section */
		0231B39D20B58FB1000E5A63 /* Debug */ = {
			isa = XCBuildConfiguration;
			buildSettings = {
				ALWAYS_SEARCH_USER_PATHS = NO;
				CLANG_ANALYZER_NONNULL = YES;
				CLANG_ANALYZER_NUMBER_OBJECT_CONVERSION = YES_AGGRESSIVE;
				CLANG_CXX_LANGUAGE_STANDARD = "gnu++14";
				CLANG_CXX_LIBRARY = "libc++";
				CLANG_ENABLE_MODULES = YES;
				CLANG_ENABLE_OBJC_ARC = YES;
				CLANG_ENABLE_OBJC_WEAK = YES;
				CLANG_WARN_BLOCK_CAPTURE_AUTORELEASING = YES;
				CLANG_WARN_BOOL_CONVERSION = YES;
				CLANG_WARN_COMMA = YES;
				CLANG_WARN_CONSTANT_CONVERSION = YES;
				CLANG_WARN_DEPRECATED_OBJC_IMPLEMENTATIONS = YES;
				CLANG_WARN_DIRECT_OBJC_ISA_USAGE = YES_ERROR;
				CLANG_WARN_DOCUMENTATION_COMMENTS = YES;
				CLANG_WARN_EMPTY_BODY = YES;
				CLANG_WARN_ENUM_CONVERSION = YES;
				CLANG_WARN_INFINITE_RECURSION = YES;
				CLANG_WARN_INT_CONVERSION = YES;
				CLANG_WARN_NON_LITERAL_NULL_CONVERSION = YES;
				CLANG_WARN_OBJC_IMPLICIT_RETAIN_SELF = YES;
				CLANG_WARN_OBJC_LITERAL_CONVERSION = YES;
				CLANG_WARN_OBJC_ROOT_CLASS = YES_ERROR;
				CLANG_WARN_RANGE_LOOP_ANALYSIS = YES;
				CLANG_WARN_STRICT_PROTOTYPES = YES;
				CLANG_WARN_SUSPICIOUS_MOVE = YES;
				CLANG_WARN_UNGUARDED_AVAILABILITY = YES_AGGRESSIVE;
				CLANG_WARN_UNREACHABLE_CODE = YES;
				CLANG_WARN__DUPLICATE_METHOD_MATCH = YES;
				CODE_SIGN_IDENTITY = "iPhone Developer";
				COPY_PHASE_STRIP = NO;
				DEBUG_INFORMATION_FORMAT = dwarf;
				ENABLE_STRICT_OBJC_MSGSEND = YES;
				ENABLE_TESTABILITY = YES;
				GCC_C_LANGUAGE_STANDARD = gnu11;
				GCC_DYNAMIC_NO_PIC = NO;
				GCC_NO_COMMON_BLOCKS = YES;
				GCC_OPTIMIZATION_LEVEL = 0;
				GCC_PREPROCESSOR_DEFINITIONS = (
					"DEBUG=1",
					"$(inherited)",
				);
				GCC_WARN_64_TO_32_BIT_CONVERSION = YES;
				GCC_WARN_ABOUT_RETURN_TYPE = YES_ERROR;
				GCC_WARN_UNDECLARED_SELECTOR = YES;
				GCC_WARN_UNINITIALIZED_AUTOS = YES_AGGRESSIVE;
				GCC_WARN_UNUSED_FUNCTION = YES;
				GCC_WARN_UNUSED_VARIABLE = YES;
				IPHONEOS_DEPLOYMENT_TARGET = 11.3;
				MTL_ENABLE_DEBUG_INFO = YES;
				ONLY_ACTIVE_ARCH = YES;
				SDKROOT = iphoneos;
				SWIFT_ACTIVE_COMPILATION_CONDITIONS = DEBUG;
				SWIFT_OPTIMIZATION_LEVEL = "-Onone";
			};
			name = Debug;
		};
		0231B39E20B58FB1000E5A63 /* Release */ = {
			isa = XCBuildConfiguration;
			buildSettings = {
				ALWAYS_SEARCH_USER_PATHS = NO;
				CLANG_ANALYZER_NONNULL = YES;
				CLANG_ANALYZER_NUMBER_OBJECT_CONVERSION = YES_AGGRESSIVE;
				CLANG_CXX_LANGUAGE_STANDARD = "gnu++14";
				CLANG_CXX_LIBRARY = "libc++";
				CLANG_ENABLE_MODULES = YES;
				CLANG_ENABLE_OBJC_ARC = YES;
				CLANG_ENABLE_OBJC_WEAK = YES;
				CLANG_WARN_BLOCK_CAPTURE_AUTORELEASING = YES;
				CLANG_WARN_BOOL_CONVERSION = YES;
				CLANG_WARN_COMMA = YES;
				CLANG_WARN_CONSTANT_CONVERSION = YES;
				CLANG_WARN_DEPRECATED_OBJC_IMPLEMENTATIONS = YES;
				CLANG_WARN_DIRECT_OBJC_ISA_USAGE = YES_ERROR;
				CLANG_WARN_DOCUMENTATION_COMMENTS = YES;
				CLANG_WARN_EMPTY_BODY = YES;
				CLANG_WARN_ENUM_CONVERSION = YES;
				CLANG_WARN_INFINITE_RECURSION = YES;
				CLANG_WARN_INT_CONVERSION = YES;
				CLANG_WARN_NON_LITERAL_NULL_CONVERSION = YES;
				CLANG_WARN_OBJC_IMPLICIT_RETAIN_SELF = YES;
				CLANG_WARN_OBJC_LITERAL_CONVERSION = YES;
				CLANG_WARN_OBJC_ROOT_CLASS = YES_ERROR;
				CLANG_WARN_RANGE_LOOP_ANALYSIS = YES;
				CLANG_WARN_STRICT_PROTOTYPES = YES;
				CLANG_WARN_SUSPICIOUS_MOVE = YES;
				CLANG_WARN_UNGUARDED_AVAILABILITY = YES_AGGRESSIVE;
				CLANG_WARN_UNREACHABLE_CODE = YES;
				CLANG_WARN__DUPLICATE_METHOD_MATCH = YES;
				CODE_SIGN_IDENTITY = "iPhone Developer";
				COPY_PHASE_STRIP = NO;
				DEBUG_INFORMATION_FORMAT = "dwarf-with-dsym";
				ENABLE_NS_ASSERTIONS = NO;
				ENABLE_STRICT_OBJC_MSGSEND = YES;
				GCC_C_LANGUAGE_STANDARD = gnu11;
				GCC_NO_COMMON_BLOCKS = YES;
				GCC_WARN_64_TO_32_BIT_CONVERSION = YES;
				GCC_WARN_ABOUT_RETURN_TYPE = YES_ERROR;
				GCC_WARN_UNDECLARED_SELECTOR = YES;
				GCC_WARN_UNINITIALIZED_AUTOS = YES_AGGRESSIVE;
				GCC_WARN_UNUSED_FUNCTION = YES;
				GCC_WARN_UNUSED_VARIABLE = YES;
				IPHONEOS_DEPLOYMENT_TARGET = 11.3;
				MTL_ENABLE_DEBUG_INFO = NO;
				SDKROOT = iphoneos;
				SWIFT_COMPILATION_MODE = wholemodule;
				SWIFT_OPTIMIZATION_LEVEL = "-O";
				VALIDATE_PRODUCT = YES;
			};
			name = Release;
		};
		0231B3A020B58FB1000E5A63 /* Debug */ = {
			isa = XCBuildConfiguration;
			buildSettings = {
				ASSETCATALOG_COMPILER_APPICON_NAME = AppIcon;
				CODE_SIGN_STYLE = Automatic;
				INFOPLIST_FILE = HowlCodable/Info.plist;
				LD_RUNPATH_SEARCH_PATHS = (
					"$(inherited)",
					"@executable_path/Frameworks",
				);
				PRODUCT_BUNDLE_IDENTIFIER = com.bbplatform.HowlCodable;
				PRODUCT_NAME = "$(TARGET_NAME)";
				SWIFT_VERSION = 4.0;
				TARGETED_DEVICE_FAMILY = "1,2";
			};
			name = Debug;
		};
		0231B3A120B58FB1000E5A63 /* Release */ = {
			isa = XCBuildConfiguration;
			buildSettings = {
				ASSETCATALOG_COMPILER_APPICON_NAME = AppIcon;
				CODE_SIGN_STYLE = Automatic;
				INFOPLIST_FILE = HowlCodable/Info.plist;
				LD_RUNPATH_SEARCH_PATHS = (
					"$(inherited)",
					"@executable_path/Frameworks",
				);
				PRODUCT_BUNDLE_IDENTIFIER = com.bbplatform.HowlCodable;
				PRODUCT_NAME = "$(TARGET_NAME)";
				SWIFT_VERSION = 4.0;
				TARGETED_DEVICE_FAMILY = "1,2";
			};
			name = Release;
		};
		0231B3A320B58FB1000E5A63 /* Debug */ = {
			isa = XCBuildConfiguration;
			buildSettings = {
				ALWAYS_EMBED_SWIFT_STANDARD_LIBRARIES = YES;
				BUNDLE_LOADER = "$(TEST_HOST)";
				CODE_SIGN_STYLE = Automatic;
				INFOPLIST_FILE = HowlCodableTests/Info.plist;
				LD_RUNPATH_SEARCH_PATHS = (
					"$(inherited)",
					"@executable_path/Frameworks",
					"@loader_path/Frameworks",
				);
				PRODUCT_BUNDLE_IDENTIFIER = com.bbplatform.HowlCodableTests;
				PRODUCT_NAME = "$(TARGET_NAME)";
				SWIFT_VERSION = 4.0;
				TARGETED_DEVICE_FAMILY = "1,2";
				TEST_HOST = "$(BUILT_PRODUCTS_DIR)/HowlCodable.app/HowlCodable";
			};
			name = Debug;
		};
		0231B3A420B58FB1000E5A63 /* Release */ = {
			isa = XCBuildConfiguration;
			buildSettings = {
				ALWAYS_EMBED_SWIFT_STANDARD_LIBRARIES = YES;
				BUNDLE_LOADER = "$(TEST_HOST)";
				CODE_SIGN_STYLE = Automatic;
				INFOPLIST_FILE = HowlCodableTests/Info.plist;
				LD_RUNPATH_SEARCH_PATHS = (
					"$(inherited)",
					"@executable_path/Frameworks",
					"@loader_path/Frameworks",
				);
				PRODUCT_BUNDLE_IDENTIFIER = com.bbplatform.HowlCodableTests;
				PRODUCT_NAME = "$(TARGET_NAME)";
				SWIFT_VERSION = 4.0;
				TARGETED_DEVICE_FAMILY = "1,2";
				TEST_HOST = "$(BUILT_PRODUCTS_DIR)/HowlCodable.app/HowlCodable";
			};
			name = Release;
		};
		0231B3A620B58FB1000E5A63 /* Debug */ = {
			isa = XCBuildConfiguration;
			buildSettings = {
				ALWAYS_EMBED_SWIFT_STANDARD_LIBRARIES = YES;
				CODE_SIGN_STYLE = Automatic;
				INFOPLIST_FILE = HowlCodableUITests/Info.plist;
				LD_RUNPATH_SEARCH_PATHS = (
					"$(inherited)",
					"@executable_path/Frameworks",
					"@loader_path/Frameworks",
				);
				PRODUCT_BUNDLE_IDENTIFIER = com.bbplatform.HowlCodableUITests;
				PRODUCT_NAME = "$(TARGET_NAME)";
				SWIFT_VERSION = 4.0;
				TARGETED_DEVICE_FAMILY = "1,2";
				TEST_TARGET_NAME = HowlCodable;
			};
			name = Debug;
		};
		0231B3A720B58FB1000E5A63 /* Release */ = {
			isa = XCBuildConfiguration;
			buildSettings = {
				ALWAYS_EMBED_SWIFT_STANDARD_LIBRARIES = YES;
				CODE_SIGN_STYLE = Automatic;
				INFOPLIST_FILE = HowlCodableUITests/Info.plist;
				LD_RUNPATH_SEARCH_PATHS = (
					"$(inherited)",
					"@executable_path/Frameworks",
					"@loader_path/Frameworks",
				);
				PRODUCT_BUNDLE_IDENTIFIER = com.bbplatform.HowlCodableUITests;
				PRODUCT_NAME = "$(TARGET_NAME)";
				SWIFT_VERSION = 4.0;
				TARGETED_DEVICE_FAMILY = "1,2";
				TEST_TARGET_NAME = HowlCodable;
			};
			name = Release;
		};
/* End XCBuildConfiguration section */

/* Begin XCConfigurationList section */
		0231B37220B58FAF000E5A63 /* Build configuration list for PBXProject "HowlCodable" */ = {
			isa = XCConfigurationList;
			buildConfigurations = (
				0231B39D20B58FB1000E5A63 /* Debug */,
				0231B39E20B58FB1000E5A63 /* Release */,
			);
			defaultConfigurationIsVisible = 0;
			defaultConfigurationName = Release;
		};
		0231B39F20B58FB1000E5A63 /* Build configuration list for PBXNativeTarget "HowlCodable" */ = {
			isa = XCConfigurationList;
			buildConfigurations = (
				0231B3A020B58FB1000E5A63 /* Debug */,
				0231B3A120B58FB1000E5A63 /* Release */,
			);
			defaultConfigurationIsVisible = 0;
			defaultConfigurationName = Release;
		};
		0231B3A220B58FB1000E5A63 /* Build configuration list for PBXNativeTarget "HowlCodableTests" */ = {
			isa = XCConfigurationList;
			buildConfigurations = (
				0231B3A320B58FB1000E5A63 /* Debug */,
				0231B3A420B58FB1000E5A63 /* Release */,
			);
			defaultConfigurationIsVisible = 0;
			defaultConfigurationName = Release;
		};
		0231B3A520B58FB1000E5A63 /* Build configuration list for PBXNativeTarget "HowlCodableUITests" */ = {
			isa = XCConfigurationList;
			buildConfigurations = (
				0231B3A620B58FB1000E5A63 /* Debug */,
				0231B3A720B58FB1000E5A63 /* Release */,
			);
			defaultConfigurationIsVisible = 0;
			defaultConfigurationName = Release;
		};
/* End XCConfigurationList section */
	};
	rootObject = 0231B36F20B58FAF000E5A63 /* Project object */;
}
